<?xml version="1.0" encoding="UTF-8"?>
<Scheme
   LastUpgradeVersion = "1030"
   wasCreatedForAppExtension = "YES"
   version = "2.0">
   <BuildAction
      parallelizeBuildables = "YES"
      buildImplicitDependencies = "YES">
      <BuildActionEntries>
         <BuildActionEntry
            buildForTesting = "YES"
            buildForRunning = "YES"
            buildForProfiling = "YES"
            buildForArchiving = "YES"
            buildForAnalyzing = "YES">
            <BuildableReference
               BuildableIdentifier = "primary"
               BlueprintIdentifier = "B31A3649230F642A008ACD7D"
               BuildableName = "Widget.appex"
               BlueprintName = "Widget"
               ReferencedContainer = "container:TfLBus.xcodeproj">
            </BuildableReference>
         </BuildActionEntry>
         <BuildActionEntry
            buildForTesting = "YES"
            buildForRunning = "YES"
            buildForProfiling = "YES"
            buildForArchiving = "YES"
            buildForAnalyzing = "YES">
            <BuildableReference
               BuildableIdentifier = "primary"
               BlueprintIdentifier = "B31A3622230F62BD008ACD7D"
               BuildableName = "TfL Bus.app"
               BlueprintName = "TfLBus"
               ReferencedContainer = "container:TfLBus.xcodeproj">
            </BuildableReference>
         </BuildActionEntry>
      </BuildActionEntries>
   </BuildAction>
   <TestAction
      buildConfiguration = "Debug"
      selectedDebuggerIdentifier = "Xcode.DebuggerFoundation.Debugger.LLDB"
      selectedLauncherIdentifier = "Xcode.DebuggerFoundation.Launcher.LLDB"
      codeCoverageEnabled = "YES"
      onlyGenerateCoverageForSpecifiedTargets = "YES"
      shouldUseLaunchSchemeArgsEnv = "YES">
      <CodeCoverageTargets>
         <BuildableReference
            BuildableIdentifier = "primary"
            BlueprintIdentifier = "B3FC9FEE2323D3D700E21E86"
            BuildableName = "libWidgetUseCases.a"
            BlueprintName = "WidgetUseCases"
            ReferencedContainer = "container:TfLBus.xcodeproj">
         </BuildableReference>
         <BuildableReference
            BuildableIdentifier = "primary"
            BlueprintIdentifier = "B3F94F5C2324866400011ABF"
            BuildableName = "libHttpClientLib.a"
            BlueprintName = "HttpClientLib"
            ReferencedContainer = "container:TfLBus.xcodeproj">
         </BuildableReference>
         <BuildableReference
            BuildableIdentifier = "primary"
            BlueprintIdentifier = "B324A91F2313228E00639923"
            BuildableName = "libOperationsLib.a"
            BlueprintName = "OperationsLib"
            ReferencedContainer = "container:TfLBus.xcodeproj">
         </BuildableReference>
         <BuildableReference
            BuildableIdentifier = "primary"
            BlueprintIdentifier = "B31A368523100A76008ACD7D"
            BuildableName = "libRepositoryLib.a"
            BlueprintName = "RepositoryLib"
            ReferencedContainer = "container:TfLBus.xcodeproj">
         </BuildableReference>
         <BuildableReference
            BuildableIdentifier = "primary"
            BlueprintIdentifier = "B30D27012327C26300C46D5E"
            BuildableName = "libWidgetViewModel.a"
            BlueprintName = "WidgetViewModel"
            ReferencedContainer = "container:TfLBus.xcodeproj">
         </BuildableReference>
      </CodeCoverageTargets>
      <Testables>
         <TestableReference
            skipped = "NO">
            <BuildableReference
               BuildableIdentifier = "primary"
               BlueprintIdentifier = "B3FCA00C2323D6A100E21E86"
               BuildableName = "WidgetUseCasesTests.xctest"
               BlueprintName = "WidgetUseCasesTests"
               ReferencedContainer = "container:TfLBus.xcodeproj">
            </BuildableReference>
         </TestableReference>
         <TestableReference
            skipped = "NO">
            <BuildableReference
               BuildableIdentifier = "primary"
               BlueprintIdentifier = "B3F94F6D2324874000011ABF"
               BuildableName = "HttpClientLibTests.xctest"
               BlueprintName = "HttpClientLibTests"
               ReferencedContainer = "container:TfLBus.xcodeproj">
            </BuildableReference>
         </TestableReference>
         <TestableReference
            skipped = "NO">
            <BuildableReference
               BuildableIdentifier = "primary"
               BlueprintIdentifier = "B3FC9FD72322FF6900E21E86"
               BuildableName = "OperationsLibTests.xctest"
               BlueprintName = "OperationsLibTests"
               ReferencedContainer = "container:TfLBus.xcodeproj">
            </BuildableReference>
         </TestableReference>
         <TestableReference
            skipped = "NO">
            <BuildableReference
               BuildableIdentifier = "primary"
               BlueprintIdentifier = "B31A369023100AA0008ACD7D"
               BuildableName = "RepositoryLibTests.xctest"
               BlueprintName = "RepositoryLibTests"
               ReferencedContainer = "container:TfLBus.xcodeproj">
            </BuildableReference>
         </TestableReference>
         <TestableReference
            skipped = "NO">
            <BuildableReference
               BuildableIdentifier = "primary"
               BlueprintIdentifier = "B30D27132327C41800C46D5E"
               BuildableName = "WidgetViewModelTests.xctest"
               BlueprintName = "WidgetViewModelTests"
               ReferencedContainer = "container:TfLBus.xcodeproj">
            </BuildableReference>
         </TestableReference>
      </Testables>
      <MacroExpansion>
         <BuildableReference
            BuildableIdentifier = "primary"
            BlueprintIdentifier = "B31A3622230F62BD008ACD7D"
            BuildableName = "TfL Bus.app"
            BlueprintName = "TfLBus"
            ReferencedContainer = "container:TfLBus.xcodeproj">
         </BuildableReference>
      </MacroExpansion>
      <AdditionalOptions>
      </AdditionalOptions>
   </TestAction>
   <LaunchAction
      buildConfiguration = "Debug"
      selectedDebuggerIdentifier = ""
      selectedLauncherIdentifier = "Xcode.IDEFoundation.Launcher.PosixSpawn"
      launchStyle = "0"
      useCustomWorkingDirectory = "NO"
      ignoresPersistentStateOnLaunch = "NO"
      debugDocumentVersioning = "YES"
      debugServiceExtension = "internal"
      allowLocationSimulation = "YES"
      launchAutomaticallySubstyle = "2">
      <BuildableProductRunnable
         runnableDebuggingMode = "0">
         <BuildableReference
            BuildableIdentifier = "primary"
            BlueprintIdentifier = "B31A3622230F62BD008ACD7D"
            BuildableName = "TfL Bus.app"
            BlueprintName = "TfLBus"
            ReferencedContainer = "container:TfLBus.xcodeproj">
         </BuildableReference>
      </BuildableProductRunnable>
      <AdditionalOptions>
      </AdditionalOptions>
   </LaunchAction>
   <ProfileAction
      buildConfiguration = "Release"
      shouldUseLaunchSchemeArgsEnv = "YES"
      savedToolIdentifier = ""
      useCustomWorkingDirectory = "NO"
      debugDocumentVersioning = "YES"
      launchAutomaticallySubstyle = "2">
      <BuildableProductRunnable
         runnableDebuggingMode = "0">
         <BuildableReference
            BuildableIdentifier = "primary"
            BlueprintIdentifier = "B31A3622230F62BD008ACD7D"
            BuildableName = "TfL Bus.app"
            BlueprintName = "TfLBus"
            ReferencedContainer = "container:TfLBus.xcodeproj">
         </BuildableReference>
      </BuildableProductRunnable>
   </ProfileAction>
   <AnalyzeAction
      buildConfiguration = "Debug">
   </AnalyzeAction>
   <ArchiveAction
      buildConfiguration = "Release"
      revealArchiveInOrganizer = "YES">
   </ArchiveAction>
</Scheme>
